
Microsoft Visual Studio Solution File, Format Version 12.00
# Visual Studio Version 17
VisualStudioVersion = 17.12.35506.116 d17.12
MinimumVisualStudioVersion = 10.0.40219.1
Project("{FAE04EC0-301F-11D3-BF4B-00C04F79EFBC}") = "TaskManagement_Api", "TaskManagement_Api.csproj", "{4C60CC87-3D04-49D0-A49C-1BA9FDE41AC5}"
EndProject
Project("{FAE04EC0-301F-11D3-BF4B-00C04F79EFBC}") = "TaskManagiment_Application", "..\TaskManagiment_Application\TaskManagiment_Application.csproj", "{7C02CFD5-8F2D-407C-845F-FB0E01F31062}"
EndProject
Project("{FAE04EC0-301F-11D3-BF4B-00C04F79EFBC}") = "TaskManagiment_Core", "..\TaskManagiment_Core\TaskManagiment_Core.csproj", "{1E8F2E21-BAC4-456E-8AB9-B31DBEEBA38C}"
EndProject
Project("{FAE04EC0-301F-11D3-BF4B-00C04F79EFBC}") = "TaskManagiment_DataAccess", "..\TaskManagiment_DataAccess\TaskManagiment_DataAccess.csproj", "{542C8824-44AA-46AA-8508-EBC28323BB42}"
EndProject
Global
	GlobalSection(SolutionConfigurationPlatforms) = preSolution
		Debug|Any CPU = Debug|Any CPU
		Release|Any CPU = Release|Any CPU
	EndGlobalSection
	GlobalSection(ProjectConfigurationPlatforms) = postSolution
		{4C60CC87-3D04-49D0-A49C-1BA9FDE41AC5}.Debug|Any CPU.ActiveCfg = Debug|Any CPU
		{4C60CC87-3D04-49D0-A49C-1BA9FDE41AC5}.Debug|Any CPU.Build.0 = Debug|Any CPU
		{4C60CC87-3D04-49D0-A49C-1BA9FDE41AC5}.Release|Any CPU.ActiveCfg = Release|Any CPU
		{4C60CC87-3D04-49D0-A49C-1BA9FDE41AC5}.Release|Any CPU.Build.0 = Release|Any CPU
		{7C02CFD5-8F2D-407C-845F-FB0E01F31062}.Debug|Any CPU.ActiveCfg = Debug|Any CPU
		{7C02CFD5-8F2D-407C-845F-FB0E01F31062}.Debug|Any CPU.Build.0 = Debug|Any CPU
		{7C02CFD5-8F2D-407C-845F-FB0E01F31062}.Release|Any CPU.ActiveCfg = Release|Any CPU
		{7C02CFD5-8F2D-407C-845F-FB0E01F31062}.Release|Any CPU.Build.0 = Release|Any CPU
		{1E8F2E21-BAC4-456E-8AB9-B31DBEEBA38C}.Debug|Any CPU.ActiveCfg = Debug|Any CPU
		{1E8F2E21-BAC4-456E-8AB9-B31DBEEBA38C}.Debug|Any CPU.Build.0 = Debug|Any CPU
		{1E8F2E21-BAC4-456E-8AB9-B31DBEEBA38C}.Release|Any CPU.ActiveCfg = Release|Any CPU
		{1E8F2E21-BAC4-456E-8AB9-B31DBEEBA38C}.Release|Any CPU.Build.0 = Release|Any CPU
		{542C8824-44AA-46AA-8508-EBC28323BB42}.Debug|Any CPU.ActiveCfg = Debug|Any CPU
		{542C8824-44AA-46AA-8508-EBC28323BB42}.Debug|Any CPU.Build.0 = Debug|Any CPU
		{542C8824-44AA-46AA-8508-EBC28323BB42}.Release|Any CPU.ActiveCfg = Release|Any CPU
		{542C8824-44AA-46AA-8508-EBC28323BB42}.Release|Any CPU.Build.0 = Release|Any CPU
	EndGlobalSection
	GlobalSection(SolutionProperties) = preSolution
		HideSolutionNode = FALSE
	EndGlobalSection
EndGlobal
